
Microsoft Visual Studio Solution File, Format Version 12.00
# Visual Studio Version 17
VisualStudioVersion = 17.2.32519.379
MinimumVisualStudioVersion = 10.0.40219.1
Project("{7CF6DF6D-3B04-46F8-A40B-537D21BCA0B4}") = "Jodo.Extensions", "Jodo.Extensions.shfbproj", "{9F017A6E-89D7-4DA1-AC9C-39715D62074D}"
EndProject
Global
	GlobalSection(SolutionConfigurationPlatforms) = preSolution
		Debug|Any CPU = Debug|Any CPU
		Release|Any CPU = Release|Any CPU
	EndGlobalSection
	GlobalSection(ProjectConfigurationPlatforms) = postSolution
		{9F017A6E-89D7-4DA1-AC9C-39715D62074D}.Debug|Any CPU.ActiveCfg = Release|Any CPU
		{9F017A6E-89D7-4DA1-AC9C-39715D62074D}.Debug|Any CPU.Build.0 = Release|Any CPU
		{9F017A6E-89D7-4DA1-AC9C-39715D62074D}.Release|Any CPU.ActiveCfg = Release|Any CPU
		{9F017A6E-89D7-4DA1-AC9C-39715D62074D}.Release|Any CPU.Build.0 = Release|Any CPU
	EndGlobalSection
	GlobalSection(SolutionProperties) = preSolution
		HideSolutionNode = FALSE
	EndGlobalSection
	GlobalSection(ExtensibilityGlobals) = postSolution
		SolutionGuid = {A9F927A4-A482-4557-B0FE-4FBC56F1D0EE}
	EndGlobalSection
EndGlobal
